// !$*UTF8*$!
{
	archiveVersion = 1;
	classes = {
	};
	objectVersion = 52;
	objects = {

/* Begin PBXBuildFile section */
		8EA45D93252B924300429311 /* CoreBluetoothBeacon_ReduxApp.swift in Sources */ = {isa = PBXBuildFile; fileRef = 8EA45D80252B924200429311 /* CoreBluetoothBeacon_ReduxApp.swift */; };
		8EA45D94252B924300429311 /* CoreBluetoothBeacon_ReduxApp.swift in Sources */ = {isa = PBXBuildFile; fileRef = 8EA45D80252B924200429311 /* CoreBluetoothBeacon_ReduxApp.swift */; };
		8EA45D95252B924300429311 /* ContentView.swift in Sources */ = {isa = PBXBuildFile; fileRef = 8EA45D81252B924200429311 /* ContentView.swift */; };
		8EA45D96252B924300429311 /* ContentView.swift in Sources */ = {isa = PBXBuildFile; fileRef = 8EA45D81252B924200429311 /* ContentView.swift */; };
		8EA45D97252B924300429311 /* Assets.xcassets in Resources */ = {isa = PBXBuildFile; fileRef = 8EA45D82252B924200429311 /* Assets.xcassets */; };
		8EA45D98252B924300429311 /* Assets.xcassets in Resources */ = {isa = PBXBuildFile; fileRef = 8EA45D82252B924200429311 /* Assets.xcassets */; };
		8EA45DA7252B9BB000429311 /* CoreBluetoothMiddleware in Frameworks */ = {isa = PBXBuildFile; productRef = 8EA45DA6252B9BB000429311 /* CoreBluetoothMiddleware */; };
		8EA45DAB252B9BD700429311 /* ReduxAppModule.swift in Sources */ = {isa = PBXBuildFile; fileRef = 8EA45DAA252B9BD700429311 /* ReduxAppModule.swift */; };
		8EA45DAC252B9BD700429311 /* ReduxAppModule.swift in Sources */ = {isa = PBXBuildFile; fileRef = 8EA45DAA252B9BD700429311 /* ReduxAppModule.swift */; };
		8EA45DB1252B9BFD00429311 /* CombineRex in Frameworks */ = {isa = PBXBuildFile; productRef = 8EA45DB0252B9BFD00429311 /* CombineRex */; };
		8EA45DB6252B9C1C00429311 /* CombineRextensions in Frameworks */ = {isa = PBXBuildFile; productRef = 8EA45DB5252B9C1C00429311 /* CombineRextensions */; };
		8EA45DBB252B9C3500429311 /* LoggerMiddleware in Frameworks */ = {isa = PBXBuildFile; productRef = 8EA45DBA252B9C3500429311 /* LoggerMiddleware */; };
/* End PBXBuildFile section */

/* Begin PBXFileReference section */
		8EA45D80252B924200429311 /* CoreBluetoothBeacon_ReduxApp.swift */ = {isa = PBXFileReference; lastKnownFileType = sourcecode.swift; path = CoreBluetoothBeacon_ReduxApp.swift; sourceTree = "<group>"; };
		8EA45D81252B924200429311 /* ContentView.swift */ = {isa = PBXFileReference; lastKnownFileType = sourcecode.swift; path = ContentView.swift; sourceTree = "<group>"; };
		8EA45D82252B924200429311 /* Assets.xcassets */ = {isa = PBXFileReference; lastKnownFileType = folder.assetcatalog; path = Assets.xcassets; sourceTree = "<group>"; };
		8EA45D87252B924300429311 /* CoreBluetoothBeacon-Redux.app */ = {isa = PBXFileReference; explicitFileType = wrapper.application; includeInIndex = 0; path = "CoreBluetoothBeacon-Redux.app"; sourceTree = BUILT_PRODUCTS_DIR; };
		8EA45D8A252B924300429311 /* Info.plist */ = {isa = PBXFileReference; lastKnownFileType = text.plist.xml; path = Info.plist; sourceTree = "<group>"; };
		8EA45D8F252B924300429311 /* CoreBluetoothBeacon-Redux.app */ = {isa = PBXFileReference; explicitFileType = wrapper.application; includeInIndex = 0; path = "CoreBluetoothBeacon-Redux.app"; sourceTree = BUILT_PRODUCTS_DIR; };
		8EA45D91252B924300429311 /* Info.plist */ = {isa = PBXFileReference; lastKnownFileType = text.plist.xml; path = Info.plist; sourceTree = "<group>"; };
		8EA45D92252B924300429311 /* macOS.entitlements */ = {isa = PBXFileReference; lastKnownFileType = text.plist.entitlements; path = macOS.entitlements; sourceTree = "<group>"; };
		8EA45DAA252B9BD700429311 /* ReduxAppModule.swift */ = {isa = PBXFileReference; lastKnownFileType = sourcecode.swift; path = ReduxAppModule.swift; sourceTree = "<group>"; };
/* End PBXFileReference section */

/* Begin PBXFrameworksBuildPhase section */
		8EA45D84252B924300429311 /* Frameworks */ = {
			isa = PBXFrameworksBuildPhase;
			buildActionMask = 2147483647;
			files = (
				8EA45DB1252B9BFD00429311 /* CombineRex in Frameworks */,
				8EA45DB6252B9C1C00429311 /* CombineRextensions in Frameworks */,
				8EA45DBB252B9C3500429311 /* LoggerMiddleware in Frameworks */,
				8EA45DA7252B9BB000429311 /* CoreBluetoothMiddleware in Frameworks */,
			);
			runOnlyForDeploymentPostprocessing = 0;
		};
		8EA45D8C252B924300429311 /* Frameworks */ = {
			isa = PBXFrameworksBuildPhase;
			buildActionMask = 2147483647;
			files = (
			);
			runOnlyForDeploymentPostprocessing = 0;
		};
/* End PBXFrameworksBuildPhase section */

/* Begin PBXGroup section */
		8EA45D7A252B924200429311 = {
			isa = PBXGroup;
			children = (
				8EA45D7F252B924200429311 /* Shared */,
				8EA45D89252B924300429311 /* iOS */,
				8EA45D90252B924300429311 /* macOS */,
				8EA45D88252B924300429311 /* Products */,
			);
			sourceTree = "<group>";
		};
		8EA45D7F252B924200429311 /* Shared */ = {
			isa = PBXGroup;
			children = (
				8EA45D80252B924200429311 /* CoreBluetoothBeacon_ReduxApp.swift */,
				8EA45D81252B924200429311 /* ContentView.swift */,
				8EA45D82252B924200429311 /* Assets.xcassets */,
				8EA45DAA252B9BD700429311 /* ReduxAppModule.swift */,
			);
			path = Shared;
			sourceTree = "<group>";
		};
		8EA45D88252B924300429311 /* Products */ = {
			isa = PBXGroup;
			children = (
				8EA45D87252B924300429311 /* CoreBluetoothBeacon-Redux.app */,
				8EA45D8F252B924300429311 /* CoreBluetoothBeacon-Redux.app */,
			);
			name = Products;
			sourceTree = "<group>";
		};
		8EA45D89252B924300429311 /* iOS */ = {
			isa = PBXGroup;
			children = (
				8EA45D8A252B924300429311 /* Info.plist */,
			);
			path = iOS;
			sourceTree = "<group>";
		};
		8EA45D90252B924300429311 /* macOS */ = {
			isa = PBXGroup;
			children = (
				8EA45D91252B924300429311 /* Info.plist */,
				8EA45D92252B924300429311 /* macOS.entitlements */,
			);
			path = macOS;
			sourceTree = "<group>";
		};
/* End PBXGroup section */

/* Begin PBXNativeTarget section */
		8EA45D86252B924300429311 /* CoreBluetoothBeacon-Redux (iOS) */ = {
			isa = PBXNativeTarget;
			buildConfigurationList = 8EA45D9B252B924300429311 /* Build configuration list for PBXNativeTarget "CoreBluetoothBeacon-Redux (iOS)" */;
			buildPhases = (
				8EA45D83252B924300429311 /* Sources */,
				8EA45D84252B924300429311 /* Frameworks */,
				8EA45D85252B924300429311 /* Resources */,
			);
			buildRules = (
			);
			dependencies = (
			);
			name = "CoreBluetoothBeacon-Redux (iOS)";
			packageProductDependencies = (
				8EA45DA6252B9BB000429311 /* CoreBluetoothMiddleware */,
				8EA45DB0252B9BFD00429311 /* CombineRex */,
				8EA45DB5252B9C1C00429311 /* CombineRextensions */,
				8EA45DBA252B9C3500429311 /* LoggerMiddleware */,
			);
			productName = "CoreBluetoothBeacon-Redux (iOS)";
			productReference = 8EA45D87252B924300429311 /* CoreBluetoothBeacon-Redux.app */;
			productType = "com.apple.product-type.application";
		};
		8EA45D8E252B924300429311 /* CoreBluetoothBeacon-Redux (macOS) */ = {
			isa = PBXNativeTarget;
			buildConfigurationList = 8EA45D9E252B924300429311 /* Build configuration list for PBXNativeTarget "CoreBluetoothBeacon-Redux (macOS)" */;
			buildPhases = (
				8EA45D8B252B924300429311 /* Sources */,
				8EA45D8C252B924300429311 /* Frameworks */,
				8EA45D8D252B924300429311 /* Resources */,
			);
			buildRules = (
			);
			dependencies = (
			);
			name = "CoreBluetoothBeacon-Redux (macOS)";
			productName = "CoreBluetoothBeacon-Redux (macOS)";
			productReference = 8EA45D8F252B924300429311 /* CoreBluetoothBeacon-Redux.app */;
			productType = "com.apple.product-type.application";
		};
/* End PBXNativeTarget section */

/* Begin PBXProject section */
		8EA45D7B252B924200429311 /* Project object */ = {
			isa = PBXProject;
			attributes = {
				LastSwiftUpdateCheck = 1220;
				LastUpgradeCheck = 1220;
				TargetAttributes = {
					8EA45D86252B924300429311 = {
						CreatedOnToolsVersion = 12.2;
					};
					8EA45D8E252B924300429311 = {
						CreatedOnToolsVersion = 12.2;
					};
				};
			};
			buildConfigurationList = 8EA45D7E252B924200429311 /* Build configuration list for PBXProject "CoreBluetoothBeacon-Redux" */;
			compatibilityVersion = "Xcode 9.3";
			developmentRegion = en;
			hasScannedForEncodings = 0;
			knownRegions = (
				en,
				Base,
			);
			mainGroup = 8EA45D7A252B924200429311;
			packageReferences = (
				8EA45DA5252B9BB000429311 /* XCRemoteSwiftPackageReference "CoreBluetoothMiddleware" */,
				8EA45DAF252B9BFD00429311 /* XCRemoteSwiftPackageReference "SwiftRex" */,
				8EA45DB4252B9C1C00429311 /* XCRemoteSwiftPackageReference "CombineRextensions" */,
				8EA45DB9252B9C3500429311 /* XCRemoteSwiftPackageReference "LoggerMiddleware" */,
			);
			productRefGroup = 8EA45D88252B924300429311 /* Products */;
			projectDirPath = "";
			projectRoot = "";
			targets = (
				8EA45D86252B924300429311 /* CoreBluetoothBeacon-Redux (iOS) */,
				8EA45D8E252B924300429311 /* CoreBluetoothBeacon-Redux (macOS) */,
			);
		};
/* End PBXProject section */

/* Begin PBXResourcesBuildPhase section */
		8EA45D85252B924300429311 /* Resources */ = {
			isa = PBXResourcesBuildPhase;
			buildActionMask = 2147483647;
			files = (
				8EA45D97252B924300429311 /* Assets.xcassets in Resources */,
			);
			runOnlyForDeploymentPostprocessing = 0;
		};
		8EA45D8D252B924300429311 /* Resources */ = {
			isa = PBXResourcesBuildPhase;
			buildActionMask = 2147483647;
			files = (
				8EA45D98252B924300429311 /* Assets.xcassets in Resources */,
			);
			runOnlyForDeploymentPostprocessing = 0;
		};
/* End PBXResourcesBuildPhase section */

/* Begin PBXSourcesBuildPhase section */
		8EA45D83252B924300429311 /* Sources */ = {
			isa = PBXSourcesBuildPhase;
			buildActionMask = 2147483647;
			files = (
				8EA45D95252B924300429311 /* ContentView.swift in Sources */,
				8EA45DAB252B9BD700429311 /* ReduxAppModule.swift in Sources */,
				8EA45D93252B924300429311 /* CoreBluetoothBeacon_ReduxApp.swift in Sources */,
			);
			runOnlyForDeploymentPostprocessing = 0;
		};
		8EA45D8B252B924300429311 /* Sources */ = {
			isa = PBXSourcesBuildPhase;
			buildActionMask = 2147483647;
			files = (
				8EA45D96252B924300429311 /* ContentView.swift in Sources */,
				8EA45DAC252B9BD700429311 /* ReduxAppModule.swift in Sources */,
				8EA45D94252B924300429311 /* CoreBluetoothBeacon_ReduxApp.swift in Sources */,
			);
			runOnlyForDeploymentPostprocessing = 0;
		};
/* End PBXSourcesBuildPhase section */

/* Begin XCBuildConfiguration section */
		8EA45D99252B924300429311 /* Debug */ = {
			isa = XCBuildConfiguration;
			buildSettings = {
				ALWAYS_SEARCH_USER_PATHS = NO;
				CLANG_ANALYZER_NONNULL = YES;
				CLANG_ANALYZER_NUMBER_OBJECT_CONVERSION = YES_AGGRESSIVE;
				CLANG_CXX_LANGUAGE_STANDARD = "gnu++14";
				CLANG_CXX_LIBRARY = "libc++";
				CLANG_ENABLE_MODULES = YES;
				CLANG_ENABLE_OBJC_ARC = YES;
				CLANG_ENABLE_OBJC_WEAK = YES;
				CLANG_WARN_BLOCK_CAPTURE_AUTORELEASING = YES;
				CLANG_WARN_BOOL_CONVERSION = YES;
				CLANG_WARN_COMMA = YES;
				CLANG_WARN_CONSTANT_CONVERSION = YES;
				CLANG_WARN_DEPRECATED_OBJC_IMPLEMENTATIONS = YES;
				CLANG_WARN_DIRECT_OBJC_ISA_USAGE = YES_ERROR;
				CLANG_WARN_DOCUMENTATION_COMMENTS = YES;
				CLANG_WARN_EMPTY_BODY = YES;
				CLANG_WARN_ENUM_CONVERSION = YES;
				CLANG_WARN_INFINITE_RECURSION = YES;
				CLANG_WARN_INT_CONVERSION = YES;
				CLANG_WARN_NON_LITERAL_NULL_CONVERSION = YES;
				CLANG_WARN_OBJC_IMPLICIT_RETAIN_SELF = YES;
				CLANG_WARN_OBJC_LITERAL_CONVERSION = YES;
				CLANG_WARN_OBJC_ROOT_CLASS = YES_ERROR;
				CLANG_WARN_QUOTED_INCLUDE_IN_FRAMEWORK_HEADER = YES;
				CLANG_WARN_RANGE_LOOP_ANALYSIS = YES;
				CLANG_WARN_STRICT_PROTOTYPES = YES;
				CLANG_WARN_SUSPICIOUS_MOVE = YES;
				CLANG_WARN_UNGUARDED_AVAILABILITY = YES_AGGRESSIVE;
				CLANG_WARN_UNREACHABLE_CODE = YES;
				CLANG_WARN__DUPLICATE_METHOD_MATCH = YES;
				COPY_PHASE_STRIP = NO;
				DEBUG_INFORMATION_FORMAT = dwarf;
				ENABLE_STRICT_OBJC_MSGSEND = YES;
				ENABLE_TESTABILITY = YES;
				GCC_C_LANGUAGE_STANDARD = gnu11;
				GCC_DYNAMIC_NO_PIC = NO;
				GCC_NO_COMMON_BLOCKS = YES;
				GCC_OPTIMIZATION_LEVEL = 0;
				GCC_PREPROCESSOR_DEFINITIONS = (
					"DEBUG=1",
					"$(inherited)",
				);
				GCC_WARN_64_TO_32_BIT_CONVERSION = YES;
				GCC_WARN_ABOUT_RETURN_TYPE = YES_ERROR;
				GCC_WARN_UNDECLARED_SELECTOR = YES;
				GCC_WARN_UNINITIALIZED_AUTOS = YES_AGGRESSIVE;
				GCC_WARN_UNUSED_FUNCTION = YES;
				GCC_WARN_UNUSED_VARIABLE = YES;
				MTL_ENABLE_DEBUG_INFO = INCLUDE_SOURCE;
				MTL_FAST_MATH = YES;
				ONLY_ACTIVE_ARCH = YES;
				SWIFT_ACTIVE_COMPILATION_CONDITIONS = DEBUG;
				SWIFT_OPTIMIZATION_LEVEL = "-Onone";
			};
			name = Debug;
		};
		8EA45D9A252B924300429311 /* Release */ = {
			isa = XCBuildConfiguration;
			buildSettings = {
				ALWAYS_SEARCH_USER_PATHS = NO;
				CLANG_ANALYZER_NONNULL = YES;
				CLANG_ANALYZER_NUMBER_OBJECT_CONVERSION = YES_AGGRESSIVE;
				CLANG_CXX_LANGUAGE_STANDARD = "gnu++14";
				CLANG_CXX_LIBRARY = "libc++";
				CLANG_ENABLE_MODULES = YES;
				CLANG_ENABLE_OBJC_ARC = YES;
				CLANG_ENABLE_OBJC_WEAK = YES;
				CLANG_WARN_BLOCK_CAPTURE_AUTORELEASING = YES;
				CLANG_WARN_BOOL_CONVERSION = YES;
				CLANG_WARN_COMMA = YES;
				CLANG_WARN_CONSTANT_CONVERSION = YES;
				CLANG_WARN_DEPRECATED_OBJC_IMPLEMENTATIONS = YES;
				CLANG_WARN_DIRECT_OBJC_ISA_USAGE = YES_ERROR;
				CLANG_WARN_DOCUMENTATION_COMMENTS = YES;
				CLANG_WARN_EMPTY_BODY = YES;
				CLANG_WARN_ENUM_CONVERSION = YES;
				CLANG_WARN_INFINITE_RECURSION = YES;
				CLANG_WARN_INT_CONVERSION = YES;
				CLANG_WARN_NON_LITERAL_NULL_CONVERSION = YES;
				CLANG_WARN_OBJC_IMPLICIT_RETAIN_SELF = YES;
				CLANG_WARN_OBJC_LITERAL_CONVERSION = YES;
				CLANG_WARN_OBJC_ROOT_CLASS = YES_ERROR;
				CLANG_WARN_QUOTED_INCLUDE_IN_FRAMEWORK_HEADER = YES;
				CLANG_WARN_RANGE_LOOP_ANALYSIS = YES;
				CLANG_WARN_STRICT_PROTOTYPES = YES;
				CLANG_WARN_SUSPICIOUS_MOVE = YES;
				CLANG_WARN_UNGUARDED_AVAILABILITY = YES_AGGRESSIVE;
				CLANG_WARN_UNREACHABLE_CODE = YES;
				CLANG_WARN__DUPLICATE_METHOD_MATCH = YES;
				COPY_PHASE_STRIP = NO;
				DEBUG_INFORMATION_FORMAT = "dwarf-with-dsym";
				ENABLE_NS_ASSERTIONS = NO;
				ENABLE_STRICT_OBJC_MSGSEND = YES;
				GCC_C_LANGUAGE_STANDARD = gnu11;
				GCC_NO_COMMON_BLOCKS = YES;
				GCC_WARN_64_TO_32_BIT_CONVERSION = YES;
				GCC_WARN_ABOUT_RETURN_TYPE = YES_ERROR;
				GCC_WARN_UNDECLARED_SELECTOR = YES;
				GCC_WARN_UNINITIALIZED_AUTOS = YES_AGGRESSIVE;
				GCC_WARN_UNUSED_FUNCTION = YES;
				GCC_WARN_UNUSED_VARIABLE = YES;
				MTL_ENABLE_DEBUG_INFO = NO;
				MTL_FAST_MATH = YES;
				SWIFT_COMPILATION_MODE = wholemodule;
				SWIFT_OPTIMIZATION_LEVEL = "-O";
			};
			name = Release;
		};
		8EA45D9C252B924300429311 /* Debug */ = {
			isa = XCBuildConfiguration;
			buildSettings = {
				ASSETCATALOG_COMPILER_APPICON_NAME = AppIcon;
				ASSETCATALOG_COMPILER_GLOBAL_ACCENT_COLOR_NAME = AccentColor;
				CODE_SIGN_STYLE = Automatic;
				DEVELOPMENT_TEAM = 247WUZHHK2;
				ENABLE_PREVIEWS = YES;
				INFOPLIST_FILE = iOS/Info.plist;
				IPHONEOS_DEPLOYMENT_TARGET = 14.0;
				LD_RUNPATH_SEARCH_PATHS = (
					"$(inherited)",
					"@executable_path/Frameworks",
				);
				PRODUCT_BUNDLE_IDENTIFIER = "com.npvtech.CoreBluetoothBeacon-Redux";
				PRODUCT_NAME = "CoreBluetoothBeacon-Redux";
				SDKROOT = iphoneos;
				SWIFT_VERSION = 5.0;
				TARGETED_DEVICE_FAMILY = "1,2";
			};
			name = Debug;
		};
		8EA45D9D252B924300429311 /* Release */ = {
			isa = XCBuildConfiguration;
			buildSettings = {
				ASSETCATALOG_COMPILER_APPICON_NAME = AppIcon;
				ASSETCATALOG_COMPILER_GLOBAL_ACCENT_COLOR_NAME = AccentColor;
				CODE_SIGN_STYLE = Automatic;
				DEVELOPMENT_TEAM = 247WUZHHK2;
				ENABLE_PREVIEWS = YES;
				INFOPLIST_FILE = iOS/Info.plist;
				IPHONEOS_DEPLOYMENT_TARGET = 14.0;
				LD_RUNPATH_SEARCH_PATHS = (
					"$(inherited)",
					"@executable_path/Frameworks",
				);
				PRODUCT_BUNDLE_IDENTIFIER = "com.npvtech.CoreBluetoothBeacon-Redux";
				PRODUCT_NAME = "CoreBluetoothBeacon-Redux";
				SDKROOT = iphoneos;
				SWIFT_VERSION = 5.0;
				TARGETED_DEVICE_FAMILY = "1,2";
				VALIDATE_PRODUCT = YES;
			};
			name = Release;
		};
		8EA45D9F252B924300429311 /* Debug */ = {
			isa = XCBuildConfiguration;
			buildSettings = {
				ASSETCATALOG_COMPILER_APPICON_NAME = AppIcon;
				ASSETCATALOG_COMPILER_GLOBAL_ACCENT_COLOR_NAME = AccentColor;
				CODE_SIGN_ENTITLEMENTS = macOS/macOS.entitlements;
				CODE_SIGN_STYLE = Automatic;
				COMBINE_HIDPI_IMAGES = YES;
				DEVELOPMENT_TEAM = 247WUZHHK2;
				ENABLE_HARDENED_RUNTIME = YES;
				ENABLE_PREVIEWS = YES;
				INFOPLIST_FILE = macOS/Info.plist;
				LD_RUNPATH_SEARCH_PATHS = (
					"$(inherited)",
					"@executable_path/../Frameworks",
				);
				MACOSX_DEPLOYMENT_TARGET = 11.0;
				PRODUCT_BUNDLE_IDENTIFIER = "com.npvtech.CoreBluetoothBeacon-Redux";
				PRODUCT_NAME = "CoreBluetoothBeacon-Redux";
				SDKROOT = macosx;
				SWIFT_VERSION = 5.0;
			};
			name = Debug;
		};
		8EA45DA0252B924300429311 /* Release */ = {
			isa = XCBuildConfiguration;
			buildSettings = {
				ASSETCATALOG_COMPILER_APPICON_NAME = AppIcon;
				ASSETCATALOG_COMPILER_GLOBAL_ACCENT_COLOR_NAME = AccentColor;
				CODE_SIGN_ENTITLEMENTS = macOS/macOS.entitlements;
				CODE_SIGN_STYLE = Automatic;
				COMBINE_HIDPI_IMAGES = YES;
				DEVELOPMENT_TEAM = 247WUZHHK2;
				ENABLE_HARDENED_RUNTIME = YES;
				ENABLE_PREVIEWS = YES;
				INFOPLIST_FILE = macOS/Info.plist;
				LD_RUNPATH_SEARCH_PATHS = (
					"$(inherited)",
					"@executable_path/../Frameworks",
				);
				MACOSX_DEPLOYMENT_TARGET = 11.0;
				PRODUCT_BUNDLE_IDENTIFIER = "com.npvtech.CoreBluetoothBeacon-Redux";
				PRODUCT_NAME = "CoreBluetoothBeacon-Redux";
				SDKROOT = macosx;
				SWIFT_VERSION = 5.0;
			};
			name = Release;
		};
/* End XCBuildConfiguration section */

/* Begin XCConfigurationList section */
		8EA45D7E252B924200429311 /* Build configuration list for PBXProject "CoreBluetoothBeacon-Redux" */ = {
			isa = XCConfigurationList;
			buildConfigurations = (
				8EA45D99252B924300429311 /* Debug */,
				8EA45D9A252B924300429311 /* Release */,
			);
			defaultConfigurationIsVisible = 0;
			defaultConfigurationName = Release;
		};
		8EA45D9B252B924300429311 /* Build configuration list for PBXNativeTarget "CoreBluetoothBeacon-Redux (iOS)" */ = {
			isa = XCConfigurationList;
			buildConfigurations = (
				8EA45D9C252B924300429311 /* Debug */,
				8EA45D9D252B924300429311 /* Release */,
			);
			defaultConfigurationIsVisible = 0;
			defaultConfigurationName = Release;
		};
		8EA45D9E252B924300429311 /* Build configuration list for PBXNativeTarget "CoreBluetoothBeacon-Redux (macOS)" */ = {
			isa = XCConfigurationList;
			buildConfigurations = (
				8EA45D9F252B924300429311 /* Debug */,
				8EA45DA0252B924300429311 /* Release */,
			);
			defaultConfigurationIsVisible = 0;
			defaultConfigurationName = Release;
		};
/* End XCConfigurationList section */

/* Begin XCRemoteSwiftPackageReference section */
		8EA45DA5252B9BB000429311 /* XCRemoteSwiftPackageReference "CoreBluetoothMiddleware" */ = {
			isa = XCRemoteSwiftPackageReference;
			repositoryURL = "https://github.com/npvisual/CoreBluetoothMiddleware.git";
			requirement = {
				branch = main;
				kind = branch;
			};
		};
		8EA45DAF252B9BFD00429311 /* XCRemoteSwiftPackageReference "SwiftRex" */ = {
			isa = XCRemoteSwiftPackageReference;
			repositoryURL = "https://github.com/SwiftRex/SwiftRex.git";
			requirement = {
				kind = upToNextMajorVersion;
				minimumVersion = 0.7.4;
			};
		};
		8EA45DB4252B9C1C00429311 /* XCRemoteSwiftPackageReference "CombineRextensions" */ = {
			isa = XCRemoteSwiftPackageReference;
			repositoryURL = "https://github.com/teufelaudio/CombineRextensions.git";
			requirement = {
				branch = master;
				kind = branch;
			};
		};
		8EA45DB9252B9C3500429311 /* XCRemoteSwiftPackageReference "LoggerMiddleware" */ = {
			isa = XCRemoteSwiftPackageReference;
			repositoryURL = "https://github.com/SwiftRex/LoggerMiddleware.git";
			requirement = {
				kind = upToNextMajorVersion;
				minimumVersion = 0.1.2;
			};
		};
/* End XCRemoteSwiftPackageReference section */

/* Begin XCSwiftPackageProductDependency section */
		8EA45DA6252B9BB000429311 /* CoreBluetoothMiddleware */ = {
			isa = XCSwiftPackageProductDependency;
			package = 8EA45DA5252B9BB000429311 /* XCRemoteSwiftPackageReference "CoreBluetoothMiddleware" */;
			productName = CoreBluetoothMiddleware;
		};
		8EA45DB0252B9BFD00429311 /* CombineRex */ = {
			isa = XCSwiftPackageProductDependency;
			package = 8EA45DAF252B9BFD00429311 /* XCRemoteSwiftPackageReference "SwiftRex" */;
			productName = CombineRex;
		};
		8EA45DB5252B9C1C00429311 /* CombineRextensions */ = {
			isa = XCSwiftPackageProductDependency;
			package = 8EA45DB4252B9C1C00429311 /* XCRemoteSwiftPackageReference "CombineRextensions" */;
			productName = CombineRextensions;
		};
		8EA45DBA252B9C3500429311 /* LoggerMiddleware */ = {
			isa = XCSwiftPackageProductDependency;
			package = 8EA45DB9252B9C3500429311 /* XCRemoteSwiftPackageReference "LoggerMiddleware" */;
			productName = LoggerMiddleware;
		};
/* End XCSwiftPackageProductDependency section */
	};
	rootObject = 8EA45D7B252B924200429311 /* Project object */;
}
